// !$*UTF8*$!
{
	archiveVersion = 1;
	classes = {
	};
	objectVersion = 56;
	objects = {

/* Begin PBXBuildFile section */
		8432E90E2C2C5E6200F635F8 /* Phone_SalesApp.swift in Sources */ = {isa = PBXBuildFile; fileRef = 8432E90D2C2C5E6200F635F8 /* Phone_SalesApp.swift */; };
		8432E9102C2C5E6200F635F8 /* LoginView.swift in Sources */ = {isa = PBXBuildFile; fileRef = 8432E90F2C2C5E6200F635F8 /* LoginView.swift */; };
		8432E9122C2C5E6400F635F8 /* Assets.xcassets in Resources */ = {isa = PBXBuildFile; fileRef = 8432E9112C2C5E6400F635F8 /* Assets.xcassets */; };
		8432E9152C2C5E6400F635F8 /* Preview Assets.xcassets in Resources */ = {isa = PBXBuildFile; fileRef = 8432E9142C2C5E6400F635F8 /* Preview Assets.xcassets */; };
		8432E9202C2D893000F635F8 /* Text&SecureFields.swift in Sources */ = {isa = PBXBuildFile; fileRef = 8432E91F2C2D893000F635F8 /* Text&SecureFields.swift */; };
		8432E9232C2D8A0700F635F8 /* SubmitButton.swift in Sources */ = {isa = PBXBuildFile; fileRef = 8432E9222C2D8A0700F635F8 /* SubmitButton.swift */; };
		8432E9252C2D8E5800F635F8 /* SignupView.swift in Sources */ = {isa = PBXBuildFile; fileRef = 8432E9242C2D8E5800F635F8 /* SignupView.swift */; };
		8432E9272C2D91B800F635F8 /* Auth.swift in Sources */ = {isa = PBXBuildFile; fileRef = 8432E9262C2D91B800F635F8 /* Auth.swift */; };
		8432E92B2C2DB07000F635F8 /* ContainerView.swift in Sources */ = {isa = PBXBuildFile; fileRef = 8432E92A2C2DB07000F635F8 /* ContainerView.swift */; };
		8432E92D2C2DB28500F635F8 /* SideMenuView.swift in Sources */ = {isa = PBXBuildFile; fileRef = 8432E92C2C2DB28500F635F8 /* SideMenuView.swift */; };
		8432E9342C2DBC8D00F635F8 /* SalesView.swift in Sources */ = {isa = PBXBuildFile; fileRef = 8432E9332C2DBC8D00F635F8 /* SalesView.swift */; };
		8432E9362C2DBC9E00F635F8 /* ProfileView.swift in Sources */ = {isa = PBXBuildFile; fileRef = 8432E9352C2DBC9E00F635F8 /* ProfileView.swift */; };
		8432E9382C2DBCD700F635F8 /* IncomeOutcomeView.swift in Sources */ = {isa = PBXBuildFile; fileRef = 8432E9372C2DBCD700F635F8 /* IncomeOutcomeView.swift */; };
		8432E93A2C2DC52200F635F8 /* SideMenuOptionModel.swift in Sources */ = {isa = PBXBuildFile; fileRef = 8432E9392C2DC52200F635F8 /* SideMenuOptionModel.swift */; };
		8432E93C2C2DC71700F635F8 /* SideMenuRawView.swift in Sources */ = {isa = PBXBuildFile; fileRef = 8432E93B2C2DC71700F635F8 /* SideMenuRawView.swift */; };
		8432E93E2C2DD28700F635F8 /* StoreView.swift in Sources */ = {isa = PBXBuildFile; fileRef = 8432E93D2C2DD28700F635F8 /* StoreView.swift */; };
		8432E9402C2E283400F635F8 /* ProductAddView.swift in Sources */ = {isa = PBXBuildFile; fileRef = 8432E93F2C2E283400F635F8 /* ProductAddView.swift */; };
		8432E9422C2E2AE400F635F8 /* CustomCheckBox.swift in Sources */ = {isa = PBXBuildFile; fileRef = 8432E9412C2E2AE400F635F8 /* CustomCheckBox.swift */; };
		8432E94E2C2E48C200F635F8 /* ImagePicker.swift in Sources */ = {isa = PBXBuildFile; fileRef = 8432E94D2C2E48C200F635F8 /* ImagePicker.swift */; };
		8432E9572C2E6FE700F635F8 /* ImageCropper.swift in Sources */ = {isa = PBXBuildFile; fileRef = 8432E9562C2E6FE700F635F8 /* ImageCropper.swift */; };
		8432E95A2C2E700200F635F8 /* CropViewController in Frameworks */ = {isa = PBXBuildFile; productRef = 8432E9592C2E700200F635F8 /* CropViewController */; };
		8432E95C2C2E700200F635F8 /* TOCropViewController in Frameworks */ = {isa = PBXBuildFile; productRef = 8432E95B2C2E700200F635F8 /* TOCropViewController */; };
		8432E95E2C2E862400F635F8 /* ScrollableModifier.swift in Sources */ = {isa = PBXBuildFile; fileRef = 8432E95D2C2E862400F635F8 /* ScrollableModifier.swift */; };
		8432E9612C2E877100F635F8 /* ScrollableStretchable + Extensions.swift in Sources */ = {isa = PBXBuildFile; fileRef = 8432E9602C2E877100F635F8 /* ScrollableStretchable + Extensions.swift */; };
		8432E9642C2ECA6500F635F8 /* GetProducts.swift in Sources */ = {isa = PBXBuildFile; fileRef = 8432E9632C2ECA6500F635F8 /* GetProducts.swift */; };
		8432E9902C317E3C00F635F8 /* ProductsModel.swift in Sources */ = {isa = PBXBuildFile; fileRef = 8432E98F2C317E3C00F635F8 /* ProductsModel.swift */; };
		8432E9972C31983400F635F8 /* ProductViewModel.swift in Sources */ = {isa = PBXBuildFile; fileRef = 8432E9962C31983400F635F8 /* ProductViewModel.swift */; };
		8432E9992C3278C500F635F8 /* ProductDetailView.swift in Sources */ = {isa = PBXBuildFile; fileRef = 8432E9982C3278C500F635F8 /* ProductDetailView.swift */; };
		8432E99B2C32855E00F635F8 /* Array + Extension.swift in Sources */ = {isa = PBXBuildFile; fileRef = 8432E99A2C32855E00F635F8 /* Array + Extension.swift */; };
		8432E99F2C33F4AB00F635F8 /* ProductFilter.swift in Sources */ = {isa = PBXBuildFile; fileRef = 8432E99E2C33F4AB00F635F8 /* ProductFilter.swift */; };
		849368782C37A6A300D91020 /* UserViewModel.swift in Sources */ = {isa = PBXBuildFile; fileRef = 849368772C37A6A300D91020 /* UserViewModel.swift */; };
		8493687A2C37BE7400D91020 /* SellView.swift in Sources */ = {isa = PBXBuildFile; fileRef = 849368792C37BE7400D91020 /* SellView.swift */; };
		8493687C2C39346700D91020 /* Dismisskeyboard.swift in Sources */ = {isa = PBXBuildFile; fileRef = 8493687B2C39346700D91020 /* Dismisskeyboard.swift */; };
		8493687E2C39359500D91020 /* UIView + Extension.swift in Sources */ = {isa = PBXBuildFile; fileRef = 8493687D2C39359500D91020 /* UIView + Extension.swift */; };
		849368802C39426B00D91020 /* Binding + Extensions.swift in Sources */ = {isa = PBXBuildFile; fileRef = 8493687F2C39426B00D91020 /* Binding + Extensions.swift */; };
		849368832C39446D00D91020 /* MahsulotlarView.swift in Sources */ = {isa = PBXBuildFile; fileRef = 849368822C39446D00D91020 /* MahsulotlarView.swift */; };
		849368852C39456400D91020 /* HisobotView.swift in Sources */ = {isa = PBXBuildFile; fileRef = 849368842C39456400D91020 /* HisobotView.swift */; };
		849368872C3A686200D91020 /* ProductStatisticsModel.swift in Sources */ = {isa = PBXBuildFile; fileRef = 849368862C3A686200D91020 /* ProductStatisticsModel.swift */; };
		849368892C3A68F100D91020 /* GetProductStatistics.swift in Sources */ = {isa = PBXBuildFile; fileRef = 849368882C3A68F100D91020 /* GetProductStatistics.swift */; };
		8493688B2C3A6A8500D91020 /* ProductStatisticsViewModel.swift in Sources */ = {isa = PBXBuildFile; fileRef = 8493688A2C3A6A8500D91020 /* ProductStatisticsViewModel.swift */; };
		8493688D2C3AC2FC00D91020 /* SaleService.swift in Sources */ = {isa = PBXBuildFile; fileRef = 8493688C2C3AC2FC00D91020 /* SaleService.swift */; };
		8493688F2C3AD0CE00D91020 /* SellProductModel.swift in Sources */ = {isa = PBXBuildFile; fileRef = 8493688E2C3AD0CE00D91020 /* SellProductModel.swift */; };
/* End PBXBuildFile section */

/* Begin PBXFileReference section */
		8432E90A2C2C5E6200F635F8 /* Phone-Sales.app */ = {isa = PBXFileReference; explicitFileType = wrapper.application; includeInIndex = 0; path = "Phone-Sales.app"; sourceTree = BUILT_PRODUCTS_DIR; };
		8432E90D2C2C5E6200F635F8 /* Phone_SalesApp.swift */ = {isa = PBXFileReference; lastKnownFileType = sourcecode.swift; path = Phone_SalesApp.swift; sourceTree = "<group>"; };
		8432E90F2C2C5E6200F635F8 /* LoginView.swift */ = {isa = PBXFileReference; lastKnownFileType = sourcecode.swift; path = LoginView.swift; sourceTree = "<group>"; };
		8432E9112C2C5E6400F635F8 /* Assets.xcassets */ = {isa = PBXFileReference; lastKnownFileType = folder.assetcatalog; path = Assets.xcassets; sourceTree = "<group>"; };
		8432E9142C2C5E6400F635F8 /* Preview Assets.xcassets */ = {isa = PBXFileReference; lastKnownFileType = folder.assetcatalog; path = "Preview Assets.xcassets"; sourceTree = "<group>"; };
		8432E91F2C2D893000F635F8 /* Text&SecureFields.swift */ = {isa = PBXFileReference; lastKnownFileType = sourcecode.swift; path = "Text&SecureFields.swift"; sourceTree = "<group>"; };
		8432E9222C2D8A0700F635F8 /* SubmitButton.swift */ = {isa = PBXFileReference; lastKnownFileType = sourcecode.swift; path = SubmitButton.swift; sourceTree = "<group>"; };
		8432E9242C2D8E5800F635F8 /* SignupView.swift */ = {isa = PBXFileReference; lastKnownFileType = sourcecode.swift; path = SignupView.swift; sourceTree = "<group>"; };
		8432E9262C2D91B800F635F8 /* Auth.swift */ = {isa = PBXFileReference; lastKnownFileType = sourcecode.swift; path = Auth.swift; sourceTree = "<group>"; };
		8432E92A2C2DB07000F635F8 /* ContainerView.swift */ = {isa = PBXFileReference; lastKnownFileType = sourcecode.swift; path = ContainerView.swift; sourceTree = "<group>"; };
		8432E92C2C2DB28500F635F8 /* SideMenuView.swift */ = {isa = PBXFileReference; lastKnownFileType = sourcecode.swift; path = SideMenuView.swift; sourceTree = "<group>"; };
		8432E9332C2DBC8D00F635F8 /* SalesView.swift */ = {isa = PBXFileReference; lastKnownFileType = sourcecode.swift; path = SalesView.swift; sourceTree = "<group>"; };
		8432E9352C2DBC9E00F635F8 /* ProfileView.swift */ = {isa = PBXFileReference; lastKnownFileType = sourcecode.swift; path = ProfileView.swift; sourceTree = "<group>"; };
		8432E9372C2DBCD700F635F8 /* IncomeOutcomeView.swift */ = {isa = PBXFileReference; lastKnownFileType = sourcecode.swift; path = IncomeOutcomeView.swift; sourceTree = "<group>"; };
		8432E9392C2DC52200F635F8 /* SideMenuOptionModel.swift */ = {isa = PBXFileReference; lastKnownFileType = sourcecode.swift; path = SideMenuOptionModel.swift; sourceTree = "<group>"; };
		8432E93B2C2DC71700F635F8 /* SideMenuRawView.swift */ = {isa = PBXFileReference; lastKnownFileType = sourcecode.swift; path = SideMenuRawView.swift; sourceTree = "<group>"; };
		8432E93D2C2DD28700F635F8 /* StoreView.swift */ = {isa = PBXFileReference; lastKnownFileType = sourcecode.swift; path = StoreView.swift; sourceTree = "<group>"; };
		8432E93F2C2E283400F635F8 /* ProductAddView.swift */ = {isa = PBXFileReference; lastKnownFileType = sourcecode.swift; path = ProductAddView.swift; sourceTree = "<group>"; };
		8432E9412C2E2AE400F635F8 /* CustomCheckBox.swift */ = {isa = PBXFileReference; lastKnownFileType = sourcecode.swift; path = CustomCheckBox.swift; sourceTree = "<group>"; };
		8432E94D2C2E48C200F635F8 /* ImagePicker.swift */ = {isa = PBXFileReference; lastKnownFileType = sourcecode.swift; path = ImagePicker.swift; sourceTree = "<group>"; };
		8432E9562C2E6FE700F635F8 /* ImageCropper.swift */ = {isa = PBXFileReference; lastKnownFileType = sourcecode.swift; path = ImageCropper.swift; sourceTree = "<group>"; };
		8432E95D2C2E862400F635F8 /* ScrollableModifier.swift */ = {isa = PBXFileReference; lastKnownFileType = sourcecode.swift; path = ScrollableModifier.swift; sourceTree = "<group>"; };
		8432E9602C2E877100F635F8 /* ScrollableStretchable + Extensions.swift */ = {isa = PBXFileReference; lastKnownFileType = sourcecode.swift; path = "ScrollableStretchable + Extensions.swift"; sourceTree = "<group>"; };
		8432E9632C2ECA6500F635F8 /* GetProducts.swift */ = {isa = PBXFileReference; lastKnownFileType = sourcecode.swift; path = GetProducts.swift; sourceTree = "<group>"; };
		8432E98F2C317E3C00F635F8 /* ProductsModel.swift */ = {isa = PBXFileReference; lastKnownFileType = sourcecode.swift; path = ProductsModel.swift; sourceTree = "<group>"; };
		8432E9962C31983400F635F8 /* ProductViewModel.swift */ = {isa = PBXFileReference; lastKnownFileType = sourcecode.swift; path = ProductViewModel.swift; sourceTree = "<group>"; };
		8432E9982C3278C500F635F8 /* ProductDetailView.swift */ = {isa = PBXFileReference; lastKnownFileType = sourcecode.swift; path = ProductDetailView.swift; sourceTree = "<group>"; };
		8432E99A2C32855E00F635F8 /* Array + Extension.swift */ = {isa = PBXFileReference; lastKnownFileType = sourcecode.swift; path = "Array + Extension.swift"; sourceTree = "<group>"; };
		8432E99E2C33F4AB00F635F8 /* ProductFilter.swift */ = {isa = PBXFileReference; lastKnownFileType = sourcecode.swift; path = ProductFilter.swift; sourceTree = "<group>"; };
		849368772C37A6A300D91020 /* UserViewModel.swift */ = {isa = PBXFileReference; lastKnownFileType = sourcecode.swift; path = UserViewModel.swift; sourceTree = "<group>"; };
		849368792C37BE7400D91020 /* SellView.swift */ = {isa = PBXFileReference; lastKnownFileType = sourcecode.swift; path = SellView.swift; sourceTree = "<group>"; };
		8493687B2C39346700D91020 /* Dismisskeyboard.swift */ = {isa = PBXFileReference; lastKnownFileType = sourcecode.swift; path = Dismisskeyboard.swift; sourceTree = "<group>"; };
		8493687D2C39359500D91020 /* UIView + Extension.swift */ = {isa = PBXFileReference; lastKnownFileType = sourcecode.swift; path = "UIView + Extension.swift"; sourceTree = "<group>"; };
		8493687F2C39426B00D91020 /* Binding + Extensions.swift */ = {isa = PBXFileReference; lastKnownFileType = sourcecode.swift; path = "Binding + Extensions.swift"; sourceTree = "<group>"; };
		849368822C39446D00D91020 /* MahsulotlarView.swift */ = {isa = PBXFileReference; lastKnownFileType = sourcecode.swift; path = MahsulotlarView.swift; sourceTree = "<group>"; };
		849368842C39456400D91020 /* HisobotView.swift */ = {isa = PBXFileReference; lastKnownFileType = sourcecode.swift; path = HisobotView.swift; sourceTree = "<group>"; };
		849368862C3A686200D91020 /* ProductStatisticsModel.swift */ = {isa = PBXFileReference; lastKnownFileType = sourcecode.swift; path = ProductStatisticsModel.swift; sourceTree = "<group>"; };
		849368882C3A68F100D91020 /* GetProductStatistics.swift */ = {isa = PBXFileReference; lastKnownFileType = sourcecode.swift; path = GetProductStatistics.swift; sourceTree = "<group>"; };
		8493688A2C3A6A8500D91020 /* ProductStatisticsViewModel.swift */ = {isa = PBXFileReference; lastKnownFileType = sourcecode.swift; path = ProductStatisticsViewModel.swift; sourceTree = "<group>"; };
		8493688C2C3AC2FC00D91020 /* SaleService.swift */ = {isa = PBXFileReference; lastKnownFileType = sourcecode.swift; path = SaleService.swift; sourceTree = "<group>"; };
		8493688E2C3AD0CE00D91020 /* SellProductModel.swift */ = {isa = PBXFileReference; lastKnownFileType = sourcecode.swift; path = SellProductModel.swift; sourceTree = "<group>"; };
/* End PBXFileReference section */

/* Begin PBXFrameworksBuildPhase section */
		8432E9072C2C5E6200F635F8 /* Frameworks */ = {
			isa = PBXFrameworksBuildPhase;
			buildActionMask = 2147483647;
			files = (
				8432E95C2C2E700200F635F8 /* TOCropViewController in Frameworks */,
				8432E95A2C2E700200F635F8 /* CropViewController in Frameworks */,
			);
			runOnlyForDeploymentPostprocessing = 0;
		};
/* End PBXFrameworksBuildPhase section */

/* Begin PBXGroup section */
		8432E9012C2C5E6200F635F8 = {
			isa = PBXGroup;
			children = (
				8432E90C2C2C5E6200F635F8 /* Phone-Sales */,
				8432E90B2C2C5E6200F635F8 /* Products */,
			);
			sourceTree = "<group>";
		};
		8432E90B2C2C5E6200F635F8 /* Products */ = {
			isa = PBXGroup;
			children = (
				8432E90A2C2C5E6200F635F8 /* Phone-Sales.app */,
			);
			name = Products;
			sourceTree = "<group>";
		};
		8432E90C2C2C5E6200F635F8 /* Phone-Sales */ = {
			isa = PBXGroup;
			children = (
				8432E95F2C2E875C00F635F8 /* Extensions */,
				8432E9432C2E34A700F635F8 /* Modifiers */,
				8432E9212C2D898500F635F8 /* Utilities */,
				8432E91B2C2C611200F635F8 /* Network */,
				8432E91D2C2C612100F635F8 /* Models */,
				8432E91E2C2C612600F635F8 /* ViewModel */,
				8432E91C2C2C611D00F635F8 /* View */,
				8432E90D2C2C5E6200F635F8 /* Phone_SalesApp.swift */,
				8432E9112C2C5E6400F635F8 /* Assets.xcassets */,
				8432E9132C2C5E6400F635F8 /* Preview Content */,
			);
			path = "Phone-Sales";
			sourceTree = "<group>";
		};
		8432E9132C2C5E6400F635F8 /* Preview Content */ = {
			isa = PBXGroup;
			children = (
				8432E9142C2C5E6400F635F8 /* Preview Assets.xcassets */,
			);
			path = "Preview Content";
			sourceTree = "<group>";
		};
		8432E91B2C2C611200F635F8 /* Network */ = {
			isa = PBXGroup;
			children = (
				8432E9262C2D91B800F635F8 /* Auth.swift */,
				8432E9622C2ECA5600F635F8 /* Product */,
			);
			path = Network;
			sourceTree = "<group>";
		};
		8432E91C2C2C611D00F635F8 /* View */ = {
			isa = PBXGroup;
			children = (
				8432E9282C2DB02000F635F8 /* AuthView */,
				8432E92A2C2DB07000F635F8 /* ContainerView.swift */,
				8432E93F2C2E283400F635F8 /* ProductAddView.swift */,
				8432E9912C31807400F635F8 /* ProductsView */,
				8432E9292C2DB05D00F635F8 /* SideMenu */,
			);
			path = View;
			sourceTree = "<group>";
		};
		8432E91D2C2C612100F635F8 /* Models */ = {
			isa = PBXGroup;
			children = (
				849368862C3A686200D91020 /* ProductStatisticsModel.swift */,
				8432E9392C2DC52200F635F8 /* SideMenuOptionModel.swift */,
				8432E98F2C317E3C00F635F8 /* ProductsModel.swift */,
				8432E99E2C33F4AB00F635F8 /* ProductFilter.swift */,
				8493688E2C3AD0CE00D91020 /* SellProductModel.swift */,
			);
			path = Models;
			sourceTree = "<group>";
		};
		8432E91E2C2C612600F635F8 /* ViewModel */ = {
			isa = PBXGroup;
			children = (
				8432E94D2C2E48C200F635F8 /* ImagePicker.swift */,
				8432E9562C2E6FE700F635F8 /* ImageCropper.swift */,
				8432E9962C31983400F635F8 /* ProductViewModel.swift */,
				849368772C37A6A300D91020 /* UserViewModel.swift */,
				8493688A2C3A6A8500D91020 /* ProductStatisticsViewModel.swift */,
			);
			path = ViewModel;
			sourceTree = "<group>";
		};
		8432E9212C2D898500F635F8 /* Utilities */ = {
			isa = PBXGroup;
			children = (
				8432E91F2C2D893000F635F8 /* Text&SecureFields.swift */,
				8432E9222C2D8A0700F635F8 /* SubmitButton.swift */,
				8432E9412C2E2AE400F635F8 /* CustomCheckBox.swift */,
			);
			path = Utilities;
			sourceTree = "<group>";
		};
		8432E9282C2DB02000F635F8 /* AuthView */ = {
			isa = PBXGroup;
			children = (
				8432E90F2C2C5E6200F635F8 /* LoginView.swift */,
				8432E9242C2D8E5800F635F8 /* SignupView.swift */,
			);
			path = AuthView;
			sourceTree = "<group>";
		};
		8432E9292C2DB05D00F635F8 /* SideMenu */ = {
			isa = PBXGroup;
			children = (
				849368812C39445800D91020 /* TabViews */,
				8432E93B2C2DC71700F635F8 /* SideMenuRawView.swift */,
				8432E92C2C2DB28500F635F8 /* SideMenuView.swift */,
				8432E93D2C2DD28700F635F8 /* StoreView.swift */,
				8432E9332C2DBC8D00F635F8 /* SalesView.swift */,
				8432E9372C2DBCD700F635F8 /* IncomeOutcomeView.swift */,
				8432E9352C2DBC9E00F635F8 /* ProfileView.swift */,
			);
			path = SideMenu;
			sourceTree = "<group>";
		};
		8432E9432C2E34A700F635F8 /* Modifiers */ = {
			isa = PBXGroup;
			children = (
				8432E95D2C2E862400F635F8 /* ScrollableModifier.swift */,
				8493687B2C39346700D91020 /* Dismisskeyboard.swift */,
			);
			path = Modifiers;
			sourceTree = "<group>";
		};
		8432E95F2C2E875C00F635F8 /* Extensions */ = {
			isa = PBXGroup;
			children = (
				8432E9602C2E877100F635F8 /* ScrollableStretchable + Extensions.swift */,
				8432E99A2C32855E00F635F8 /* Array + Extension.swift */,
				8493687D2C39359500D91020 /* UIView + Extension.swift */,
				8493687F2C39426B00D91020 /* Binding + Extensions.swift */,
			);
			path = Extensions;
			sourceTree = "<group>";
		};
		8432E9622C2ECA5600F635F8 /* Product */ = {
			isa = PBXGroup;
			children = (
				8432E9632C2ECA6500F635F8 /* GetProducts.swift */,
				849368882C3A68F100D91020 /* GetProductStatistics.swift */,
				8493688C2C3AC2FC00D91020 /* SaleService.swift */,
			);
			path = Product;
			sourceTree = "<group>";
		};
		8432E9912C31807400F635F8 /* ProductsView */ = {
			isa = PBXGroup;
			children = (
				8432E9982C3278C500F635F8 /* ProductDetailView.swift */,
				849368792C37BE7400D91020 /* SellView.swift */,
			);
			path = ProductsView;
			sourceTree = "<group>";
		};
		849368812C39445800D91020 /* TabViews */ = {
			isa = PBXGroup;
			children = (
				849368822C39446D00D91020 /* MahsulotlarView.swift */,
				849368842C39456400D91020 /* HisobotView.swift */,
			);
			path = TabViews;
			sourceTree = "<group>";
		};
/* End PBXGroup section */

/* Begin PBXNativeTarget section */
		8432E9092C2C5E6200F635F8 /* Phone-Sales */ = {
			isa = PBXNativeTarget;
			buildConfigurationList = 8432E9182C2C5E6400F635F8 /* Build configuration list for PBXNativeTarget "Phone-Sales" */;
			buildPhases = (
				8432E9062C2C5E6200F635F8 /* Sources */,
				8432E9072C2C5E6200F635F8 /* Frameworks */,
				8432E9082C2C5E6200F635F8 /* Resources */,
			);
			buildRules = (
			);
			dependencies = (
			);
			name = "Phone-Sales";
			packageProductDependencies = (
				8432E9592C2E700200F635F8 /* CropViewController */,
				8432E95B2C2E700200F635F8 /* TOCropViewController */,
			);
			productName = "Phone-Sales";
			productReference = 8432E90A2C2C5E6200F635F8 /* Phone-Sales.app */;
			productType = "com.apple.product-type.application";
		};
/* End PBXNativeTarget section */

/* Begin PBXProject section */
		8432E9022C2C5E6200F635F8 /* Project object */ = {
			isa = PBXProject;
			attributes = {
				BuildIndependentTargetsInParallel = 1;
				LastSwiftUpdateCheck = 1540;
				LastUpgradeCheck = 1540;
				TargetAttributes = {
					8432E9092C2C5E6200F635F8 = {
						CreatedOnToolsVersion = 15.4;
					};
				};
			};
			buildConfigurationList = 8432E9052C2C5E6200F635F8 /* Build configuration list for PBXProject "Phone-Sales" */;
			compatibilityVersion = "Xcode 14.0";
			developmentRegion = en;
			hasScannedForEncodings = 0;
			knownRegions = (
				en,
				Base,
			);
			mainGroup = 8432E9012C2C5E6200F635F8;
			packageReferences = (
				8432E9582C2E700200F635F8 /* XCRemoteSwiftPackageReference "TOCropViewController" */,
			);
			productRefGroup = 8432E90B2C2C5E6200F635F8 /* Products */;
			projectDirPath = "";
			projectRoot = "";
			targets = (
				8432E9092C2C5E6200F635F8 /* Phone-Sales */,
			);
		};
/* End PBXProject section */

/* Begin PBXResourcesBuildPhase section */
		8432E9082C2C5E6200F635F8 /* Resources */ = {
			isa = PBXResourcesBuildPhase;
			buildActionMask = 2147483647;
			files = (
				8432E9152C2C5E6400F635F8 /* Preview Assets.xcassets in Resources */,
				8432E9122C2C5E6400F635F8 /* Assets.xcassets in Resources */,
			);
			runOnlyForDeploymentPostprocessing = 0;
		};
/* End PBXResourcesBuildPhase section */

/* Begin PBXSourcesBuildPhase section */
		8432E9062C2C5E6200F635F8 /* Sources */ = {
			isa = PBXSourcesBuildPhase;
			buildActionMask = 2147483647;
			files = (
				8432E9202C2D893000F635F8 /* Text&SecureFields.swift in Sources */,
				849368832C39446D00D91020 /* MahsulotlarView.swift in Sources */,
				849368872C3A686200D91020 /* ProductStatisticsModel.swift in Sources */,
				8493687C2C39346700D91020 /* Dismisskeyboard.swift in Sources */,
				8432E9422C2E2AE400F635F8 /* CustomCheckBox.swift in Sources */,
				8432E9232C2D8A0700F635F8 /* SubmitButton.swift in Sources */,
				8432E94E2C2E48C200F635F8 /* ImagePicker.swift in Sources */,
				8432E9102C2C5E6200F635F8 /* LoginView.swift in Sources */,
				8432E93A2C2DC52200F635F8 /* SideMenuOptionModel.swift in Sources */,
				849368802C39426B00D91020 /* Binding + Extensions.swift in Sources */,
				8432E9342C2DBC8D00F635F8 /* SalesView.swift in Sources */,
				8493687E2C39359500D91020 /* UIView + Extension.swift in Sources */,
				8432E90E2C2C5E6200F635F8 /* Phone_SalesApp.swift in Sources */,
				8493688F2C3AD0CE00D91020 /* SellProductModel.swift in Sources */,
				8432E92B2C2DB07000F635F8 /* ContainerView.swift in Sources */,
				8432E93C2C2DC71700F635F8 /* SideMenuRawView.swift in Sources */,
				8493688D2C3AC2FC00D91020 /* SaleService.swift in Sources */,
				8432E99F2C33F4AB00F635F8 /* ProductFilter.swift in Sources */,
				8432E9612C2E877100F635F8 /* ScrollableStretchable + Extensions.swift in Sources */,
				8432E9252C2D8E5800F635F8 /* SignupView.swift in Sources */,
				8493688B2C3A6A8500D91020 /* ProductStatisticsViewModel.swift in Sources */,
				8432E9642C2ECA6500F635F8 /* GetProducts.swift in Sources */,
				8432E95E2C2E862400F635F8 /* ScrollableModifier.swift in Sources */,
				8432E9402C2E283400F635F8 /* ProductAddView.swift in Sources */,
				8432E9272C2D91B800F635F8 /* Auth.swift in Sources */,
				849368892C3A68F100D91020 /* GetProductStatistics.swift in Sources */,
				8432E9382C2DBCD700F635F8 /* IncomeOutcomeView.swift in Sources */,
				8432E9362C2DBC9E00F635F8 /* ProfileView.swift in Sources */,
				8432E9992C3278C500F635F8 /* ProductDetailView.swift in Sources */,
				849368852C39456400D91020 /* HisobotView.swift in Sources */,
				8432E9972C31983400F635F8 /* ProductViewModel.swift in Sources */,
				8432E99B2C32855E00F635F8 /* Array + Extension.swift in Sources */,
				8432E9572C2E6FE700F635F8 /* ImageCropper.swift in Sources */,
				8432E93E2C2DD28700F635F8 /* StoreView.swift in Sources */,
				8493687A2C37BE7400D91020 /* SellView.swift in Sources */,
				8432E92D2C2DB28500F635F8 /* SideMenuView.swift in Sources */,
				849368782C37A6A300D91020 /* UserViewModel.swift in Sources */,
				8432E9902C317E3C00F635F8 /* ProductsModel.swift in Sources */,
			);
			runOnlyForDeploymentPostprocessing = 0;
		};
/* End PBXSourcesBuildPhase section */

/* Begin XCBuildConfiguration section */
		8432E9162C2C5E6400F635F8 /* Debug */ = {
			isa = XCBuildConfiguration;
			buildSettings = {
				ALWAYS_SEARCH_USER_PATHS = NO;
				ASSETCATALOG_COMPILER_GENERATE_SWIFT_ASSET_SYMBOL_EXTENSIONS = YES;
				CLANG_ANALYZER_NONNULL = YES;
				CLANG_ANALYZER_NUMBER_OBJECT_CONVERSION = YES_AGGRESSIVE;
				CLANG_CXX_LANGUAGE_STANDARD = "gnu++20";
				CLANG_ENABLE_MODULES = YES;
				CLANG_ENABLE_OBJC_ARC = YES;
				CLANG_ENABLE_OBJC_WEAK = YES;
				CLANG_WARN_BLOCK_CAPTURE_AUTORELEASING = YES;
				CLANG_WARN_BOOL_CONVERSION = YES;
				CLANG_WARN_COMMA = YES;
				CLANG_WARN_CONSTANT_CONVERSION = YES;
				CLANG_WARN_DEPRECATED_OBJC_IMPLEMENTATIONS = YES;
				CLANG_WARN_DIRECT_OBJC_ISA_USAGE = YES_ERROR;
				CLANG_WARN_DOCUMENTATION_COMMENTS = YES;
				CLANG_WARN_EMPTY_BODY = YES;
				CLANG_WARN_ENUM_CONVERSION = YES;
				CLANG_WARN_INFINITE_RECURSION = YES;
				CLANG_WARN_INT_CONVERSION = YES;
				CLANG_WARN_NON_LITERAL_NULL_CONVERSION = YES;
				CLANG_WARN_OBJC_IMPLICIT_RETAIN_SELF = YES;
				CLANG_WARN_OBJC_LITERAL_CONVERSION = YES;
				CLANG_WARN_OBJC_ROOT_CLASS = YES_ERROR;
				CLANG_WARN_QUOTED_INCLUDE_IN_FRAMEWORK_HEADER = YES;
				CLANG_WARN_RANGE_LOOP_ANALYSIS = YES;
				CLANG_WARN_STRICT_PROTOTYPES = YES;
				CLANG_WARN_SUSPICIOUS_MOVE = YES;
				CLANG_WARN_UNGUARDED_AVAILABILITY = YES_AGGRESSIVE;
				CLANG_WARN_UNREACHABLE_CODE = YES;
				CLANG_WARN__DUPLICATE_METHOD_MATCH = YES;
				COPY_PHASE_STRIP = NO;
				DEBUG_INFORMATION_FORMAT = dwarf;
				ENABLE_STRICT_OBJC_MSGSEND = YES;
				ENABLE_TESTABILITY = YES;
				ENABLE_USER_SCRIPT_SANDBOXING = YES;
				GCC_C_LANGUAGE_STANDARD = gnu17;
				GCC_DYNAMIC_NO_PIC = NO;
				GCC_NO_COMMON_BLOCKS = YES;
				GCC_OPTIMIZATION_LEVEL = 0;
				GCC_PREPROCESSOR_DEFINITIONS = (
					"DEBUG=1",
					"$(inherited)",
				);
				GCC_WARN_64_TO_32_BIT_CONVERSION = YES;
				GCC_WARN_ABOUT_RETURN_TYPE = YES_ERROR;
				GCC_WARN_UNDECLARED_SELECTOR = YES;
				GCC_WARN_UNINITIALIZED_AUTOS = YES_AGGRESSIVE;
				GCC_WARN_UNUSED_FUNCTION = YES;
				GCC_WARN_UNUSED_VARIABLE = YES;
				IPHONEOS_DEPLOYMENT_TARGET = 17.5;
				LOCALIZATION_PREFERS_STRING_CATALOGS = YES;
				MTL_ENABLE_DEBUG_INFO = INCLUDE_SOURCE;
				MTL_FAST_MATH = YES;
				ONLY_ACTIVE_ARCH = YES;
				SDKROOT = iphoneos;
				SWIFT_ACTIVE_COMPILATION_CONDITIONS = "DEBUG $(inherited)";
				SWIFT_OPTIMIZATION_LEVEL = "-Onone";
			};
			name = Debug;
		};
		8432E9172C2C5E6400F635F8 /* Release */ = {
			isa = XCBuildConfiguration;
			buildSettings = {
				ALWAYS_SEARCH_USER_PATHS = NO;
				ASSETCATALOG_COMPILER_GENERATE_SWIFT_ASSET_SYMBOL_EXTENSIONS = YES;
				CLANG_ANALYZER_NONNULL = YES;
				CLANG_ANALYZER_NUMBER_OBJECT_CONVERSION = YES_AGGRESSIVE;
				CLANG_CXX_LANGUAGE_STANDARD = "gnu++20";
				CLANG_ENABLE_MODULES = YES;
				CLANG_ENABLE_OBJC_ARC = YES;
				CLANG_ENABLE_OBJC_WEAK = YES;
				CLANG_WARN_BLOCK_CAPTURE_AUTORELEASING = YES;
				CLANG_WARN_BOOL_CONVERSION = YES;
				CLANG_WARN_COMMA = YES;
				CLANG_WARN_CONSTANT_CONVERSION = YES;
				CLANG_WARN_DEPRECATED_OBJC_IMPLEMENTATIONS = YES;
				CLANG_WARN_DIRECT_OBJC_ISA_USAGE = YES_ERROR;
				CLANG_WARN_DOCUMENTATION_COMMENTS = YES;
				CLANG_WARN_EMPTY_BODY = YES;
				CLANG_WARN_ENUM_CONVERSION = YES;
				CLANG_WARN_INFINITE_RECURSION = YES;
				CLANG_WARN_INT_CONVERSION = YES;
				CLANG_WARN_NON_LITERAL_NULL_CONVERSION = YES;
				CLANG_WARN_OBJC_IMPLICIT_RETAIN_SELF = YES;
				CLANG_WARN_OBJC_LITERAL_CONVERSION = YES;
				CLANG_WARN_OBJC_ROOT_CLASS = YES_ERROR;
				CLANG_WARN_QUOTED_INCLUDE_IN_FRAMEWORK_HEADER = YES;
				CLANG_WARN_RANGE_LOOP_ANALYSIS = YES;
				CLANG_WARN_STRICT_PROTOTYPES = YES;
				CLANG_WARN_SUSPICIOUS_MOVE = YES;
				CLANG_WARN_UNGUARDED_AVAILABILITY = YES_AGGRESSIVE;
				CLANG_WARN_UNREACHABLE_CODE = YES;
				CLANG_WARN__DUPLICATE_METHOD_MATCH = YES;
				COPY_PHASE_STRIP = NO;
				DEBUG_INFORMATION_FORMAT = "dwarf-with-dsym";
				ENABLE_NS_ASSERTIONS = NO;
				ENABLE_STRICT_OBJC_MSGSEND = YES;
				ENABLE_USER_SCRIPT_SANDBOXING = YES;
				GCC_C_LANGUAGE_STANDARD = gnu17;
				GCC_NO_COMMON_BLOCKS = YES;
				GCC_WARN_64_TO_32_BIT_CONVERSION = YES;
				GCC_WARN_ABOUT_RETURN_TYPE = YES_ERROR;
				GCC_WARN_UNDECLARED_SELECTOR = YES;
				GCC_WARN_UNINITIALIZED_AUTOS = YES_AGGRESSIVE;
				GCC_WARN_UNUSED_FUNCTION = YES;
				GCC_WARN_UNUSED_VARIABLE = YES;
				IPHONEOS_DEPLOYMENT_TARGET = 17.5;
				LOCALIZATION_PREFERS_STRING_CATALOGS = YES;
				MTL_ENABLE_DEBUG_INFO = NO;
				MTL_FAST_MATH = YES;
				SDKROOT = iphoneos;
				SWIFT_COMPILATION_MODE = wholemodule;
				VALIDATE_PRODUCT = YES;
			};
			name = Release;
		};
		8432E9192C2C5E6400F635F8 /* Debug */ = {
			isa = XCBuildConfiguration;
			buildSettings = {
				ASSETCATALOG_COMPILER_APPICON_NAME = AppIcon;
				ASSETCATALOG_COMPILER_GLOBAL_ACCENT_COLOR_NAME = AccentColor;
				CODE_SIGN_STYLE = Automatic;
				CURRENT_PROJECT_VERSION = 1;
				DEVELOPMENT_ASSET_PATHS = "\"Phone-Sales/Preview Content\"";
				DEVELOPMENT_TEAM = 9555ARGGFJ;
				ENABLE_PREVIEWS = YES;
				GENERATE_INFOPLIST_FILE = YES;
				INFOPLIST_KEY_UIApplicationSceneManifest_Generation = YES;
				INFOPLIST_KEY_UIApplicationSupportsIndirectInputEvents = YES;
				INFOPLIST_KEY_UILaunchScreen_Generation = YES;
				INFOPLIST_KEY_UISupportedInterfaceOrientations_iPad = "UIInterfaceOrientationPortrait UIInterfaceOrientationPortraitUpsideDown UIInterfaceOrientationLandscapeLeft UIInterfaceOrientationLandscapeRight";
				INFOPLIST_KEY_UISupportedInterfaceOrientations_iPhone = "UIInterfaceOrientationPortrait UIInterfaceOrientationLandscapeLeft UIInterfaceOrientationLandscapeRight";
				LD_RUNPATH_SEARCH_PATHS = (
					"$(inherited)",
					"@executable_path/Frameworks",
				);
				MARKETING_VERSION = 1.0;
				PRODUCT_BUNDLE_IDENTIFIER = "Sardorbek.Phone-Sales";
				PRODUCT_NAME = "$(TARGET_NAME)";
				SWIFT_EMIT_LOC_STRINGS = YES;
				SWIFT_VERSION = 5.0;
				TARGETED_DEVICE_FAMILY = "1,2";
			};
			name = Debug;
		};
		8432E91A2C2C5E6400F635F8 /* Release */ = {
			isa = XCBuildConfiguration;
			buildSettings = {
				ASSETCATALOG_COMPILER_APPICON_NAME = AppIcon;
				ASSETCATALOG_COMPILER_GLOBAL_ACCENT_COLOR_NAME = AccentColor;
				CODE_SIGN_STYLE = Automatic;
				CURRENT_PROJECT_VERSION = 1;
				DEVELOPMENT_ASSET_PATHS = "\"Phone-Sales/Preview Content\"";
				DEVELOPMENT_TEAM = 9555ARGGFJ;
				ENABLE_PREVIEWS = YES;
				GENERATE_INFOPLIST_FILE = YES;
				INFOPLIST_KEY_UIApplicationSceneManifest_Generation = YES;
				INFOPLIST_KEY_UIApplicationSupportsIndirectInputEvents = YES;
				INFOPLIST_KEY_UILaunchScreen_Generation = YES;
				INFOPLIST_KEY_UISupportedInterfaceOrientations_iPad = "UIInterfaceOrientationPortrait UIInterfaceOrientationPortraitUpsideDown UIInterfaceOrientationLandscapeLeft UIInterfaceOrientationLandscapeRight";
				INFOPLIST_KEY_UISupportedInterfaceOrientations_iPhone = "UIInterfaceOrientationPortrait UIInterfaceOrientationLandscapeLeft UIInterfaceOrientationLandscapeRight";
				LD_RUNPATH_SEARCH_PATHS = (
					"$(inherited)",
					"@executable_path/Frameworks",
				);
				MARKETING_VERSION = 1.0;
				PRODUCT_BUNDLE_IDENTIFIER = "Sardorbek.Phone-Sales";
				PRODUCT_NAME = "$(TARGET_NAME)";
				SWIFT_EMIT_LOC_STRINGS = YES;
				SWIFT_VERSION = 5.0;
				TARGETED_DEVICE_FAMILY = "1,2";
			};
			name = Release;
		};
/* End XCBuildConfiguration section */

/* Begin XCConfigurationList section */
		8432E9052C2C5E6200F635F8 /* Build configuration list for PBXProject "Phone-Sales" */ = {
			isa = XCConfigurationList;
			buildConfigurations = (
				8432E9162C2C5E6400F635F8 /* Debug */,
				8432E9172C2C5E6400F635F8 /* Release */,
			);
			defaultConfigurationIsVisible = 0;
			defaultConfigurationName = Release;
		};
		8432E9182C2C5E6400F635F8 /* Build configuration list for PBXNativeTarget "Phone-Sales" */ = {
			isa = XCConfigurationList;
			buildConfigurations = (
				8432E9192C2C5E6400F635F8 /* Debug */,
				8432E91A2C2C5E6400F635F8 /* Release */,
			);
			defaultConfigurationIsVisible = 0;
			defaultConfigurationName = Release;
		};
/* End XCConfigurationList section */

/* Begin XCRemoteSwiftPackageReference section */
		8432E9582C2E700200F635F8 /* XCRemoteSwiftPackageReference "TOCropViewController" */ = {
			isa = XCRemoteSwiftPackageReference;
			repositoryURL = "https://github.com/TimOliver/TOCropViewController.git";
			requirement = {
				kind = upToNextMajorVersion;
				minimumVersion = 2.7.4;
			};
		};
/* End XCRemoteSwiftPackageReference section */

/* Begin XCSwiftPackageProductDependency section */
		8432E9592C2E700200F635F8 /* CropViewController */ = {
			isa = XCSwiftPackageProductDependency;
			package = 8432E9582C2E700200F635F8 /* XCRemoteSwiftPackageReference "TOCropViewController" */;
			productName = CropViewController;
		};
		8432E95B2C2E700200F635F8 /* TOCropViewController */ = {
			isa = XCSwiftPackageProductDependency;
			package = 8432E9582C2E700200F635F8 /* XCRemoteSwiftPackageReference "TOCropViewController" */;
			productName = TOCropViewController;
		};
/* End XCSwiftPackageProductDependency section */
	};
	rootObject = 8432E9022C2C5E6200F635F8 /* Project object */;
}
